// !$*UTF8*$!
{
	archiveVersion = 1;
	classes = {
	};
	objectVersion = 77;
	objects = {

/* Begin PBXBuildFile section */
		8008C2642EE36D01007C48FA /* FirebaseAnalytics in Frameworks */ = {isa = PBXBuildFile; productRef = 8008C2632EE36D01007C48FA /* FirebaseAnalytics */; };
		8008C2662EE36D01007C48FA /* FirebaseAnalyticsCore in Frameworks */ = {isa = PBXBuildFile; productRef = 8008C2652EE36D01007C48FA /* FirebaseAnalyticsCore */; };
		8008C2682EE36D01007C48FA /* FirebaseAuth in Frameworks */ = {isa = PBXBuildFile; productRef = 8008C2672EE36D01007C48FA /* FirebaseAuth */; };
		8008C26A2EE36D01007C48FA /* FirebaseAuthCombine-Community in Frameworks */ = {isa = PBXBuildFile; productRef = 8008C2692EE36D01007C48FA /* FirebaseAuthCombine-Community */; };
		8008C26C2EE36D01007C48FA /* FirebaseCore in Frameworks */ = {isa = PBXBuildFile; productRef = 8008C26B2EE36D01007C48FA /* FirebaseCore */; };
		8008C26E2EE36D01007C48FA /* FirebaseDatabase in Frameworks */ = {isa = PBXBuildFile; productRef = 8008C26D2EE36D01007C48FA /* FirebaseDatabase */; };
		8008C2702EE36D01007C48FA /* FirebaseFirestore in Frameworks */ = {isa = PBXBuildFile; productRef = 8008C26F2EE36D01007C48FA /* FirebaseFirestore */; };
		8008C2722EE36D01007C48FA /* FirebaseInAppMessaging-Beta in Frameworks */ = {isa = PBXBuildFile; productRef = 8008C2712EE36D01007C48FA /* FirebaseInAppMessaging-Beta */; };
		8008C2742EE36D01007C48FA /* FirebaseMessaging in Frameworks */ = {isa = PBXBuildFile; productRef = 8008C2732EE36D01007C48FA /* FirebaseMessaging */; };
/* End PBXBuildFile section */

/* Begin PBXContainerItemProxy section */
		8008C2442EE36AF0007C48FA /* PBXContainerItemProxy */ = {
			isa = PBXContainerItemProxy;
			containerPortal = 8008C22C2EE36AEC007C48FA /* Project object */;
			proxyType = 1;
			remoteGlobalIDString = 8008C2332EE36AEC007C48FA;
			remoteInfo = GamblingApp;
		};
		8008C24E2EE36AF0007C48FA /* PBXContainerItemProxy */ = {
			isa = PBXContainerItemProxy;
			containerPortal = 8008C22C2EE36AEC007C48FA /* Project object */;
			proxyType = 1;
			remoteGlobalIDString = 8008C2332EE36AEC007C48FA;
			remoteInfo = GamblingApp;
		};
/* End PBXContainerItemProxy section */

/* Begin PBXFileReference section */
		8008C2342EE36AEC007C48FA /* GamblingApp.app */ = {isa = PBXFileReference; explicitFileType = wrapper.application; includeInIndex = 0; path = GamblingApp.app; sourceTree = BUILT_PRODUCTS_DIR; };
		8008C2432EE36AF0007C48FA /* GamblingAppTests.xctest */ = {isa = PBXFileReference; explicitFileType = wrapper.cfbundle; includeInIndex = 0; path = GamblingAppTests.xctest; sourceTree = BUILT_PRODUCTS_DIR; };
		8008C24D2EE36AF0007C48FA /* GamblingAppUITests.xctest */ = {isa = PBXFileReference; explicitFileType = wrapper.cfbundle; includeInIndex = 0; path = GamblingAppUITests.xctest; sourceTree = BUILT_PRODUCTS_DIR; };
/* End PBXFileReference section */

/* Begin PBXFileSystemSynchronizedRootGroup section */
		8008C2362EE36AEC007C48FA /* GamblingApp */ = {
			isa = PBXFileSystemSynchronizedRootGroup;
			path = GamblingApp;
			sourceTree = "<group>";
		};
		8008C2462EE36AF0007C48FA /* GamblingAppTests */ = {
			isa = PBXFileSystemSynchronizedRootGroup;
			path = GamblingAppTests;
			sourceTree = "<group>";
		};
		8008C2502EE36AF0007C48FA /* GamblingAppUITests */ = {
			isa = PBXFileSystemSynchronizedRootGroup;
			path = GamblingAppUITests;
			sourceTree = "<group>";
		};
/* End PBXFileSystemSynchronizedRootGroup section */

/* Begin PBXFrameworksBuildPhase section */
		8008C2312EE36AEC007C48FA /* Frameworks */ = {
			isa = PBXFrameworksBuildPhase;
			buildActionMask = 2147483647;
			files = (
				8008C2742EE36D01007C48FA /* FirebaseMessaging in Frameworks */,
				8008C26E2EE36D01007C48FA /* FirebaseDatabase in Frameworks */,
				8008C2642EE36D01007C48FA /* FirebaseAnalytics in Frameworks */,
				8008C26C2EE36D01007C48FA /* FirebaseCore in Frameworks */,
				8008C2722EE36D01007C48FA /* FirebaseInAppMessaging-Beta in Frameworks */,
				8008C2682EE36D01007C48FA /* FirebaseAuth in Frameworks */,
				8008C2662EE36D01007C48FA /* FirebaseAnalyticsCore in Frameworks */,
				8008C26A2EE36D01007C48FA /* FirebaseAuthCombine-Community in Frameworks */,
				8008C2702EE36D01007C48FA /* FirebaseFirestore in Frameworks */,
			);
			runOnlyForDeploymentPostprocessing = 0;
		};
		8008C2402EE36AF0007C48FA /* Frameworks */ = {
			isa = PBXFrameworksBuildPhase;
			buildActionMask = 2147483647;
			files = (
			);
			runOnlyForDeploymentPostprocessing = 0;
		};
		8008C24A2EE36AF0007C48FA /* Frameworks */ = {
			isa = PBXFrameworksBuildPhase;
			buildActionMask = 2147483647;
			files = (
			);
			runOnlyForDeploymentPostprocessing = 0;
		};
/* End PBXFrameworksBuildPhase section */

/* Begin PBXGroup section */
		8008C22B2EE36AEC007C48FA = {
			isa = PBXGroup;
			children = (
				8008C2362EE36AEC007C48FA /* GamblingApp */,
				8008C2462EE36AF0007C48FA /* GamblingAppTests */,
				8008C2502EE36AF0007C48FA /* GamblingAppUITests */,
				8008C2352EE36AEC007C48FA /* Products */,
			);
			sourceTree = "<group>";
		};
		8008C2352EE36AEC007C48FA /* Products */ = {
			isa = PBXGroup;
			children = (
				8008C2342EE36AEC007C48FA /* GamblingApp.app */,
				8008C2432EE36AF0007C48FA /* GamblingAppTests.xctest */,
				8008C24D2EE36AF0007C48FA /* GamblingAppUITests.xctest */,
			);
			name = Products;
			sourceTree = "<group>";
		};
/* End PBXGroup section */

/* Begin PBXNativeTarget section */
		8008C2332EE36AEC007C48FA /* GamblingApp */ = {
			isa = PBXNativeTarget;
			buildConfigurationList = 8008C2572EE36AF0007C48FA /* Build configuration list for PBXNativeTarget "GamblingApp" */;
			buildPhases = (
				8008C2302EE36AEC007C48FA /* Sources */,
				8008C2312EE36AEC007C48FA /* Frameworks */,
				8008C2322EE36AEC007C48FA /* Resources */,
			);
			buildRules = (
			);
			dependencies = (
			);
			fileSystemSynchronizedGroups = (
				8008C2362EE36AEC007C48FA /* GamblingApp */,
			);
			name = GamblingApp;
			packageProductDependencies = (
				8008C2632EE36D01007C48FA /* FirebaseAnalytics */,
				8008C2652EE36D01007C48FA /* FirebaseAnalyticsCore */,
				8008C2672EE36D01007C48FA /* FirebaseAuth */,
				8008C2692EE36D01007C48FA /* FirebaseAuthCombine-Community */,
				8008C26B2EE36D01007C48FA /* FirebaseCore */,
				8008C26D2EE36D01007C48FA /* FirebaseDatabase */,
				8008C26F2EE36D01007C48FA /* FirebaseFirestore */,
				8008C2712EE36D01007C48FA /* FirebaseInAppMessaging-Beta */,
				8008C2732EE36D01007C48FA /* FirebaseMessaging */,
			);
			productName = GamblingApp;
			productReference = 8008C2342EE36AEC007C48FA /* GamblingApp.app */;
			productType = "com.apple.product-type.application";
		};
		8008C2422EE36AF0007C48FA /* GamblingAppTests */ = {
			isa = PBXNativeTarget;
			buildConfigurationList = 8008C25A2EE36AF0007C48FA /* Build configuration list for PBXNativeTarget "GamblingAppTests" */;
			buildPhases = (
				8008C23F2EE36AF0007C48FA /* Sources */,
				8008C2402EE36AF0007C48FA /* Frameworks */,
				8008C2412EE36AF0007C48FA /* Resources */,
			);
			buildRules = (
			);
			dependencies = (
				8008C2452EE36AF0007C48FA /* PBXTargetDependency */,
			);
			fileSystemSynchronizedGroups = (
				8008C2462EE36AF0007C48FA /* GamblingAppTests */,
			);
			name = GamblingAppTests;
			packageProductDependencies = (
			);
			productName = GamblingAppTests;
			productReference = 8008C2432EE36AF0007C48FA /* GamblingAppTests.xctest */;
			productType = "com.apple.product-type.bundle.unit-test";
		};
		8008C24C2EE36AF0007C48FA /* GamblingAppUITests */ = {
			isa = PBXNativeTarget;
			buildConfigurationList = 8008C25D2EE36AF0007C48FA /* Build configuration list for PBXNativeTarget "GamblingAppUITests" */;
			buildPhases = (
				8008C2492EE36AF0007C48FA /* Sources */,
				8008C24A2EE36AF0007C48FA /* Frameworks */,
				8008C24B2EE36AF0007C48FA /* Resources */,
			);
			buildRules = (
			);
			dependencies = (
				8008C24F2EE36AF0007C48FA /* PBXTargetDependency */,
			);
			fileSystemSynchronizedGroups = (
				8008C2502EE36AF0007C48FA /* GamblingAppUITests */,
			);
			name = GamblingAppUITests;
			packageProductDependencies = (
			);
			productName = GamblingAppUITests;
			productReference = 8008C24D2EE36AF0007C48FA /* GamblingAppUITests.xctest */;
			productType = "com.apple.product-type.bundle.ui-testing";
		};
/* End PBXNativeTarget section */

/* Begin PBXProject section */
		8008C22C2EE36AEC007C48FA /* Project object */ = {
			isa = PBXProject;
			attributes = {
				BuildIndependentTargetsInParallel = 1;
				LastSwiftUpdateCheck = 2610;
				LastUpgradeCheck = 2610;
				TargetAttributes = {
					8008C2332EE36AEC007C48FA = {
						CreatedOnToolsVersion = 26.1.1;
					};
					8008C2422EE36AF0007C48FA = {
						CreatedOnToolsVersion = 26.1.1;
						TestTargetID = 8008C2332EE36AEC007C48FA;
					};
					8008C24C2EE36AF0007C48FA = {
						CreatedOnToolsVersion = 26.1.1;
						TestTargetID = 8008C2332EE36AEC007C48FA;
					};
				};
			};
			buildConfigurationList = 8008C22F2EE36AEC007C48FA /* Build configuration list for PBXProject "GamblingApp" */;
			developmentRegion = en;
			hasScannedForEncodings = 0;
			knownRegions = (
				en,
				Base,
			);
			mainGroup = 8008C22B2EE36AEC007C48FA;
			minimizedProjectReferenceProxies = 1;
			packageReferences = (
				8008C2622EE36D01007C48FA /* XCRemoteSwiftPackageReference "firebase-ios-sdk" */,
			);
			preferredProjectObjectVersion = 77;
			productRefGroup = 8008C2352EE36AEC007C48FA /* Products */;
			projectDirPath = "";
			projectRoot = "";
			targets = (
				8008C2332EE36AEC007C48FA /* GamblingApp */,
				8008C2422EE36AF0007C48FA /* GamblingAppTests */,
				8008C24C2EE36AF0007C48FA /* GamblingAppUITests */,
			);
		};
/* End PBXProject section */

/* Begin PBXResourcesBuildPhase section */
		8008C2322EE36AEC007C48FA /* Resources */ = {
			isa = PBXResourcesBuildPhase;
			buildActionMask = 2147483647;
			files = (
			);
			runOnlyForDeploymentPostprocessing = 0;
		};
		8008C2412EE36AF0007C48FA /* Resources */ = {
			isa = PBXResourcesBuildPhase;
			buildActionMask = 2147483647;
			files = (
			);
			runOnlyForDeploymentPostprocessing = 0;
		};
		8008C24B2EE36AF0007C48FA /* Resources */ = {
			isa = PBXResourcesBuildPhase;
			buildActionMask = 2147483647;
			files = (
			);
			runOnlyForDeploymentPostprocessing = 0;
		};
/* End PBXResourcesBuildPhase section */

/* Begin PBXSourcesBuildPhase section */
		8008C2302EE36AEC007C48FA /* Sources */ = {
			isa = PBXSourcesBuildPhase;
			buildActionMask = 2147483647;
			files = (
			);
			runOnlyForDeploymentPostprocessing = 0;
		};
		8008C23F2EE36AF0007C48FA /* Sources */ = {
			isa = PBXSourcesBuildPhase;
			buildActionMask = 2147483647;
			files = (
			);
			runOnlyForDeploymentPostprocessing = 0;
		};
		8008C2492EE36AF0007C48FA /* Sources */ = {
			isa = PBXSourcesBuildPhase;
			buildActionMask = 2147483647;
			files = (
			);
			runOnlyForDeploymentPostprocessing = 0;
		};
/* End PBXSourcesBuildPhase section */

/* Begin PBXTargetDependency section */
		8008C2452EE36AF0007C48FA /* PBXTargetDependency */ = {
			isa = PBXTargetDependency;
			target = 8008C2332EE36AEC007C48FA /* GamblingApp */;
			targetProxy = 8008C2442EE36AF0007C48FA /* PBXContainerItemProxy */;
		};
		8008C24F2EE36AF0007C48FA /* PBXTargetDependency */ = {
			isa = PBXTargetDependency;
			target = 8008C2332EE36AEC007C48FA /* GamblingApp */;
			targetProxy = 8008C24E2EE36AF0007C48FA /* PBXContainerItemProxy */;
		};
/* End PBXTargetDependency section */

/* Begin XCBuildConfiguration section */
		8008C2552EE36AF0007C48FA /* Debug */ = {
			isa = XCBuildConfiguration;
			buildSettings = {
				ALWAYS_SEARCH_USER_PATHS = NO;
				ASSETCATALOG_COMPILER_GENERATE_SWIFT_ASSET_SYMBOL_EXTENSIONS = YES;
				CLANG_ANALYZER_NONNULL = YES;
				CLANG_ANALYZER_NUMBER_OBJECT_CONVERSION = YES_AGGRESSIVE;
				CLANG_CXX_LANGUAGE_STANDARD = "gnu++20";
				CLANG_ENABLE_MODULES = YES;
				CLANG_ENABLE_OBJC_ARC = YES;
				CLANG_ENABLE_OBJC_WEAK = YES;
				CLANG_WARN_BLOCK_CAPTURE_AUTORELEASING = YES;
				CLANG_WARN_BOOL_CONVERSION = YES;
				CLANG_WARN_COMMA = YES;
				CLANG_WARN_CONSTANT_CONVERSION = YES;
				CLANG_WARN_DEPRECATED_OBJC_IMPLEMENTATIONS = YES;
				CLANG_WARN_DIRECT_OBJC_ISA_USAGE = YES_ERROR;
				CLANG_WARN_DOCUMENTATION_COMMENTS = YES;
				CLANG_WARN_EMPTY_BODY = YES;
				CLANG_WARN_ENUM_CONVERSION = YES;
				CLANG_WARN_INFINITE_RECURSION = YES;
				CLANG_WARN_INT_CONVERSION = YES;
				CLANG_WARN_NON_LITERAL_NULL_CONVERSION = YES;
				CLANG_WARN_OBJC_IMPLICIT_RETAIN_SELF = YES;
				CLANG_WARN_OBJC_LITERAL_CONVERSION = YES;
				CLANG_WARN_OBJC_ROOT_CLASS = YES_ERROR;
				CLANG_WARN_QUOTED_INCLUDE_IN_FRAMEWORK_HEADER = YES;
				CLANG_WARN_RANGE_LOOP_ANALYSIS = YES;
				CLANG_WARN_STRICT_PROTOTYPES = YES;
				CLANG_WARN_SUSPICIOUS_MOVE = YES;
				CLANG_WARN_UNGUARDED_AVAILABILITY = YES_AGGRESSIVE;
				CLANG_WARN_UNREACHABLE_CODE = YES;
				CLANG_WARN__DUPLICATE_METHOD_MATCH = YES;
				COPY_PHASE_STRIP = NO;
				DEBUG_INFORMATION_FORMAT = dwarf;
				ENABLE_STRICT_OBJC_MSGSEND = YES;
				ENABLE_TESTABILITY = YES;
				ENABLE_USER_SCRIPT_SANDBOXING = YES;
				GCC_C_LANGUAGE_STANDARD = gnu17;
				GCC_DYNAMIC_NO_PIC = NO;
				GCC_NO_COMMON_BLOCKS = YES;
				GCC_OPTIMIZATION_LEVEL = 0;
				GCC_PREPROCESSOR_DEFINITIONS = (
					"DEBUG=1",
					"$(inherited)",
				);
				GCC_WARN_64_TO_32_BIT_CONVERSION = YES;
				GCC_WARN_ABOUT_RETURN_TYPE = YES_ERROR;
				GCC_WARN_UNDECLARED_SELECTOR = YES;
				GCC_WARN_UNINITIALIZED_AUTOS = YES_AGGRESSIVE;
				GCC_WARN_UNUSED_FUNCTION = YES;
				GCC_WARN_UNUSED_VARIABLE = YES;
				LOCALIZATION_PREFERS_STRING_CATALOGS = YES;
				MTL_ENABLE_DEBUG_INFO = INCLUDE_SOURCE;
				MTL_FAST_MATH = YES;
				ONLY_ACTIVE_ARCH = YES;
				SWIFT_ACTIVE_COMPILATION_CONDITIONS = "DEBUG $(inherited)";
				SWIFT_OPTIMIZATION_LEVEL = "-Onone";
			};
			name = Debug;
		};
		8008C2562EE36AF0007C48FA /* Release */ = {
			isa = XCBuildConfiguration;
			buildSettings = {
				ALWAYS_SEARCH_USER_PATHS = NO;
				ASSETCATALOG_COMPILER_GENERATE_SWIFT_ASSET_SYMBOL_EXTENSIONS = YES;
				CLANG_ANALYZER_NONNULL = YES;
				CLANG_ANALYZER_NUMBER_OBJECT_CONVERSION = YES_AGGRESSIVE;
				CLANG_CXX_LANGUAGE_STANDARD = "gnu++20";
				CLANG_ENABLE_MODULES = YES;
				CLANG_ENABLE_OBJC_ARC = YES;
				CLANG_ENABLE_OBJC_WEAK = YES;
				CLANG_WARN_BLOCK_CAPTURE_AUTORELEASING = YES;
				CLANG_WARN_BOOL_CONVERSION = YES;
				CLANG_WARN_COMMA = YES;
				CLANG_WARN_CONSTANT_CONVERSION = YES;
				CLANG_WARN_DEPRECATED_OBJC_IMPLEMENTATIONS = YES;
				CLANG_WARN_DIRECT_OBJC_ISA_USAGE = YES_ERROR;
				CLANG_WARN_DOCUMENTATION_COMMENTS = YES;
				CLANG_WARN_EMPTY_BODY = YES;
				CLANG_WARN_ENUM_CONVERSION = YES;
				CLANG_WARN_INFINITE_RECURSION = YES;
				CLANG_WARN_INT_CONVERSION = YES;
				CLANG_WARN_NON_LITERAL_NULL_CONVERSION = YES;
				CLANG_WARN_OBJC_IMPLICIT_RETAIN_SELF = YES;
				CLANG_WARN_OBJC_LITERAL_CONVERSION = YES;
				CLANG_WARN_OBJC_ROOT_CLASS = YES_ERROR;
				CLANG_WARN_QUOTED_INCLUDE_IN_FRAMEWORK_HEADER = YES;
				CLANG_WARN_RANGE_LOOP_ANALYSIS = YES;
				CLANG_WARN_STRICT_PROTOTYPES = YES;
				CLANG_WARN_SUSPICIOUS_MOVE = YES;
				CLANG_WARN_UNGUARDED_AVAILABILITY = YES_AGGRESSIVE;
				CLANG_WARN_UNREACHABLE_CODE = YES;
				CLANG_WARN__DUPLICATE_METHOD_MATCH = YES;
				COPY_PHASE_STRIP = NO;
				DEBUG_INFORMATION_FORMAT = "dwarf-with-dsym";
				ENABLE_NS_ASSERTIONS = NO;
				ENABLE_STRICT_OBJC_MSGSEND = YES;
				ENABLE_USER_SCRIPT_SANDBOXING = YES;
				GCC_C_LANGUAGE_STANDARD = gnu17;
				GCC_NO_COMMON_BLOCKS = YES;
				GCC_WARN_64_TO_32_BIT_CONVERSION = YES;
				GCC_WARN_ABOUT_RETURN_TYPE = YES_ERROR;
				GCC_WARN_UNDECLARED_SELECTOR = YES;
				GCC_WARN_UNINITIALIZED_AUTOS = YES_AGGRESSIVE;
				GCC_WARN_UNUSED_FUNCTION = YES;
				GCC_WARN_UNUSED_VARIABLE = YES;
				LOCALIZATION_PREFERS_STRING_CATALOGS = YES;
				MTL_ENABLE_DEBUG_INFO = NO;
				MTL_FAST_MATH = YES;
				SWIFT_COMPILATION_MODE = wholemodule;
			};
			name = Release;
		};
		8008C2582EE36AF0007C48FA /* Debug */ = {
			isa = XCBuildConfiguration;
			buildSettings = {
				ASSETCATALOG_COMPILER_APPICON_NAME = AppIcon;
				ASSETCATALOG_COMPILER_GLOBAL_ACCENT_COLOR_NAME = AccentColor;
				CODE_SIGN_STYLE = Automatic;
				CURRENT_PROJECT_VERSION = 1;
				ENABLE_APP_SANDBOX = YES;
				ENABLE_PREVIEWS = YES;
				ENABLE_USER_SELECTED_FILES = readonly;
				GENERATE_INFOPLIST_FILE = YES;
				"INFOPLIST_KEY_UIApplicationSceneManifest_Generation[sdk=iphoneos*]" = YES;
				"INFOPLIST_KEY_UIApplicationSceneManifest_Generation[sdk=iphonesimulator*]" = YES;
				"INFOPLIST_KEY_UIApplicationSupportsIndirectInputEvents[sdk=iphoneos*]" = YES;
				"INFOPLIST_KEY_UIApplicationSupportsIndirectInputEvents[sdk=iphonesimulator*]" = YES;
				"INFOPLIST_KEY_UILaunchScreen_Generation[sdk=iphoneos*]" = YES;
				"INFOPLIST_KEY_UILaunchScreen_Generation[sdk=iphonesimulator*]" = YES;
				"INFOPLIST_KEY_UIStatusBarStyle[sdk=iphoneos*]" = UIStatusBarStyleDefault;
				"INFOPLIST_KEY_UIStatusBarStyle[sdk=iphonesimulator*]" = UIStatusBarStyleDefault;
				INFOPLIST_KEY_UISupportedInterfaceOrientations_iPad = "UIInterfaceOrientationPortrait UIInterfaceOrientationPortraitUpsideDown UIInterfaceOrientationLandscapeLeft UIInterfaceOrientationLandscapeRight";
				INFOPLIST_KEY_UISupportedInterfaceOrientations_iPhone = "UIInterfaceOrientationPortrait UIInterfaceOrientationLandscapeLeft UIInterfaceOrientationLandscapeRight";
				IPHONEOS_DEPLOYMENT_TARGET = 26.1;
				LD_RUNPATH_SEARCH_PATHS = "@executable_path/Frameworks";
				"LD_RUNPATH_SEARCH_PATHS[sdk=macosx*]" = "@executable_path/../Frameworks";
				MACOSX_DEPLOYMENT_TARGET = 26.1;
				MARKETING_VERSION = 1.0;
				PRODUCT_BUNDLE_IDENTIFIER = Gambling.GamblingApp;
				PRODUCT_NAME = "$(TARGET_NAME)";
				REGISTER_APP_GROUPS = YES;
				SDKROOT = auto;
				STRING_CATALOG_GENERATE_SYMBOLS = YES;
				SUPPORTED_PLATFORMS = "iphoneos iphonesimulator macosx xros xrsimulator";
				SWIFT_APPROACHABLE_CONCURRENCY = YES;
				SWIFT_DEFAULT_ACTOR_ISOLATION = MainActor;
				SWIFT_EMIT_LOC_STRINGS = YES;
				SWIFT_UPCOMING_FEATURE_MEMBER_IMPORT_VISIBILITY = YES;
				SWIFT_VERSION = 5.0;
				TARGETED_DEVICE_FAMILY = "1,2,7";
				XROS_DEPLOYMENT_TARGET = 26.1;
			};
			name = Debug;
		};
		8008C2592EE36AF0007C48FA /* Release */ = {
			isa = XCBuildConfiguration;
			buildSettings = {
				ASSETCATALOG_COMPILER_APPICON_NAME = AppIcon;
				ASSETCATALOG_COMPILER_GLOBAL_ACCENT_COLOR_NAME = AccentColor;
				CODE_SIGN_STYLE = Automatic;
				CURRENT_PROJECT_VERSION = 1;
				ENABLE_APP_SANDBOX = YES;
				ENABLE_PREVIEWS = YES;
				ENABLE_USER_SELECTED_FILES = readonly;
				GENERATE_INFOPLIST_FILE = YES;
				"INFOPLIST_KEY_UIApplicationSceneManifest_Generation[sdk=iphoneos*]" = YES;
				"INFOPLIST_KEY_UIApplicationSceneManifest_Generation[sdk=iphonesimulator*]" = YES;
				"INFOPLIST_KEY_UIApplicationSupportsIndirectInputEvents[sdk=iphoneos*]" = YES;
				"INFOPLIST_KEY_UIApplicationSupportsIndirectInputEvents[sdk=iphonesimulator*]" = YES;
				"INFOPLIST_KEY_UILaunchScreen_Generation[sdk=iphoneos*]" = YES;
				"INFOPLIST_KEY_UILaunchScreen_Generation[sdk=iphonesimulator*]" = YES;
				"INFOPLIST_KEY_UIStatusBarStyle[sdk=iphoneos*]" = UIStatusBarStyleDefault;
				"INFOPLIST_KEY_UIStatusBarStyle[sdk=iphonesimulator*]" = UIStatusBarStyleDefault;
				INFOPLIST_KEY_UISupportedInterfaceOrientations_iPad = "UIInterfaceOrientationPortrait UIInterfaceOrientationPortraitUpsideDown UIInterfaceOrientationLandscapeLeft UIInterfaceOrientationLandscapeRight";
				INFOPLIST_KEY_UISupportedInterfaceOrientations_iPhone = "UIInterfaceOrientationPortrait UIInterfaceOrientationLandscapeLeft UIInterfaceOrientationLandscapeRight";
				IPHONEOS_DEPLOYMENT_TARGET = 26.1;
				LD_RUNPATH_SEARCH_PATHS = "@executable_path/Frameworks";
				"LD_RUNPATH_SEARCH_PATHS[sdk=macosx*]" = "@executable_path/../Frameworks";
				MACOSX_DEPLOYMENT_TARGET = 26.1;
				MARKETING_VERSION = 1.0;
				PRODUCT_BUNDLE_IDENTIFIER = Gambling.GamblingApp;
				PRODUCT_NAME = "$(TARGET_NAME)";
				REGISTER_APP_GROUPS = YES;
				SDKROOT = auto;
				STRING_CATALOG_GENERATE_SYMBOLS = YES;
				SUPPORTED_PLATFORMS = "iphoneos iphonesimulator macosx xros xrsimulator";
				SWIFT_APPROACHABLE_CONCURRENCY = YES;
				SWIFT_DEFAULT_ACTOR_ISOLATION = MainActor;
				SWIFT_EMIT_LOC_STRINGS = YES;
				SWIFT_UPCOMING_FEATURE_MEMBER_IMPORT_VISIBILITY = YES;
				SWIFT_VERSION = 5.0;
				TARGETED_DEVICE_FAMILY = "1,2,7";
				XROS_DEPLOYMENT_TARGET = 26.1;
			};
			name = Release;
		};
		8008C25B2EE36AF0007C48FA /* Debug */ = {
			isa = XCBuildConfiguration;
			buildSettings = {
				BUNDLE_LOADER = "$(TEST_HOST)";
				CODE_SIGN_STYLE = Automatic;
				CURRENT_PROJECT_VERSION = 1;
				GENERATE_INFOPLIST_FILE = YES;
				IPHONEOS_DEPLOYMENT_TARGET = 26.1;
				MACOSX_DEPLOYMENT_TARGET = 26.1;
				MARKETING_VERSION = 1.0;
				PRODUCT_BUNDLE_IDENTIFIER = Gambling.GamblingAppTests;
				PRODUCT_NAME = "$(TARGET_NAME)";
				SDKROOT = auto;
				STRING_CATALOG_GENERATE_SYMBOLS = NO;
				SUPPORTED_PLATFORMS = "iphoneos iphonesimulator macosx xros xrsimulator";
				SWIFT_APPROACHABLE_CONCURRENCY = YES;
				SWIFT_EMIT_LOC_STRINGS = NO;
				SWIFT_UPCOMING_FEATURE_MEMBER_IMPORT_VISIBILITY = YES;
				SWIFT_VERSION = 5.0;
				TARGETED_DEVICE_FAMILY = "1,2,7";
				TEST_HOST = "$(BUILT_PRODUCTS_DIR)/GamblingApp.app/$(BUNDLE_EXECUTABLE_FOLDER_PATH)/GamblingApp";
				XROS_DEPLOYMENT_TARGET = 26.1;
			};
			name = Debug;
		};
		8008C25C2EE36AF0007C48FA /* Release */ = {
			isa = XCBuildConfiguration;
			buildSettings = {
				BUNDLE_LOADER = "$(TEST_HOST)";
				CODE_SIGN_STYLE = Automatic;
				CURRENT_PROJECT_VERSION = 1;
				GENERATE_INFOPLIST_FILE = YES;
				IPHONEOS_DEPLOYMENT_TARGET = 26.1;
				MACOSX_DEPLOYMENT_TARGET = 26.1;
				MARKETING_VERSION = 1.0;
				PRODUCT_BUNDLE_IDENTIFIER = Gambling.GamblingAppTests;
				PRODUCT_NAME = "$(TARGET_NAME)";
				SDKROOT = auto;
				STRING_CATALOG_GENERATE_SYMBOLS = NO;
				SUPPORTED_PLATFORMS = "iphoneos iphonesimulator macosx xros xrsimulator";
				SWIFT_APPROACHABLE_CONCURRENCY = YES;
				SWIFT_EMIT_LOC_STRINGS = NO;
				SWIFT_UPCOMING_FEATURE_MEMBER_IMPORT_VISIBILITY = YES;
				SWIFT_VERSION = 5.0;
				TARGETED_DEVICE_FAMILY = "1,2,7";
				TEST_HOST = "$(BUILT_PRODUCTS_DIR)/GamblingApp.app/$(BUNDLE_EXECUTABLE_FOLDER_PATH)/GamblingApp";
				XROS_DEPLOYMENT_TARGET = 26.1;
			};
			name = Release;
		};
		8008C25E2EE36AF0007C48FA /* Debug */ = {
			isa = XCBuildConfiguration;
			buildSettings = {
				CODE_SIGN_STYLE = Automatic;
				CURRENT_PROJECT_VERSION = 1;
				GENERATE_INFOPLIST_FILE = YES;
				IPHONEOS_DEPLOYMENT_TARGET = 26.1;
				MACOSX_DEPLOYMENT_TARGET = 26.1;
				MARKETING_VERSION = 1.0;
				PRODUCT_BUNDLE_IDENTIFIER = Gambling.GamblingAppUITests;
				PRODUCT_NAME = "$(TARGET_NAME)";
				SDKROOT = auto;
				STRING_CATALOG_GENERATE_SYMBOLS = NO;
				SUPPORTED_PLATFORMS = "iphoneos iphonesimulator macosx xros xrsimulator";
				SWIFT_APPROACHABLE_CONCURRENCY = YES;
				SWIFT_EMIT_LOC_STRINGS = NO;
				SWIFT_UPCOMING_FEATURE_MEMBER_IMPORT_VISIBILITY = YES;
				SWIFT_VERSION = 5.0;
				TARGETED_DEVICE_FAMILY = "1,2,7";
				TEST_TARGET_NAME = GamblingApp;
				XROS_DEPLOYMENT_TARGET = 26.1;
			};
			name = Debug;
		};
		8008C25F2EE36AF0007C48FA /* Release */ = {
			isa = XCBuildConfiguration;
			buildSettings = {
				CODE_SIGN_STYLE = Automatic;
				CURRENT_PROJECT_VERSION = 1;
				GENERATE_INFOPLIST_FILE = YES;
				IPHONEOS_DEPLOYMENT_TARGET = 26.1;
				MACOSX_DEPLOYMENT_TARGET = 26.1;
				MARKETING_VERSION = 1.0;
				PRODUCT_BUNDLE_IDENTIFIER = Gambling.GamblingAppUITests;
				PRODUCT_NAME = "$(TARGET_NAME)";
				SDKROOT = auto;
				STRING_CATALOG_GENERATE_SYMBOLS = NO;
				SUPPORTED_PLATFORMS = "iphoneos iphonesimulator macosx xros xrsimulator";
				SWIFT_APPROACHABLE_CONCURRENCY = YES;
				SWIFT_EMIT_LOC_STRINGS = NO;
				SWIFT_UPCOMING_FEATURE_MEMBER_IMPORT_VISIBILITY = YES;
				SWIFT_VERSION = 5.0;
				TARGETED_DEVICE_FAMILY = "1,2,7";
				TEST_TARGET_NAME = GamblingApp;
				XROS_DEPLOYMENT_TARGET = 26.1;
			};
			name = Release;
		};
/* End XCBuildConfiguration section */

/* Begin XCConfigurationList section */
		8008C22F2EE36AEC007C48FA /* Build configuration list for PBXProject "GamblingApp" */ = {
			isa = XCConfigurationList;
			buildConfigurations = (
				8008C2552EE36AF0007C48FA /* Debug */,
				8008C2562EE36AF0007C48FA /* Release */,
			);
			defaultConfigurationIsVisible = 0;
			defaultConfigurationName = Release;
		};
		8008C2572EE36AF0007C48FA /* Build configuration list for PBXNativeTarget "GamblingApp" */ = {
			isa = XCConfigurationList;
			buildConfigurations = (
				8008C2582EE36AF0007C48FA /* Debug */,
				8008C2592EE36AF0007C48FA /* Release */,
			);
			defaultConfigurationIsVisible = 0;
			defaultConfigurationName = Release;
		};
		8008C25A2EE36AF0007C48FA /* Build configuration list for PBXNativeTarget "GamblingAppTests" */ = {
			isa = XCConfigurationList;
			buildConfigurations = (
				8008C25B2EE36AF0007C48FA /* Debug */,
				8008C25C2EE36AF0007C48FA /* Release */,
			);
			defaultConfigurationIsVisible = 0;
			defaultConfigurationName = Release;
		};
		8008C25D2EE36AF0007C48FA /* Build configuration list for PBXNativeTarget "GamblingAppUITests" */ = {
			isa = XCConfigurationList;
			buildConfigurations = (
				8008C25E2EE36AF0007C48FA /* Debug */,
				8008C25F2EE36AF0007C48FA /* Release */,
			);
			defaultConfigurationIsVisible = 0;
			defaultConfigurationName = Release;
		};
/* End XCConfigurationList section */

/* Begin XCRemoteSwiftPackageReference section */
		8008C2622EE36D01007C48FA /* XCRemoteSwiftPackageReference "firebase-ios-sdk" */ = {
			isa = XCRemoteSwiftPackageReference;
			repositoryURL = "https://github.com/firebase/firebase-ios-sdk";
			requirement = {
				kind = upToNextMajorVersion;
				minimumVersion = 12.6.0;
			};
		};
/* End XCRemoteSwiftPackageReference section */

/* Begin XCSwiftPackageProductDependency section */
		8008C2632EE36D01007C48FA /* FirebaseAnalytics */ = {
			isa = XCSwiftPackageProductDependency;
			package = 8008C2622EE36D01007C48FA /* XCRemoteSwiftPackageReference "firebase-ios-sdk" */;
			productName = FirebaseAnalytics;
		};
		8008C2652EE36D01007C48FA /* FirebaseAnalyticsCore */ = {
			isa = XCSwiftPackageProductDependency;
			package = 8008C2622EE36D01007C48FA /* XCRemoteSwiftPackageReference "firebase-ios-sdk" */;
			productName = FirebaseAnalyticsCore;
		};
		8008C2672EE36D01007C48FA /* FirebaseAuth */ = {
			isa = XCSwiftPackageProductDependency;
			package = 8008C2622EE36D01007C48FA /* XCRemoteSwiftPackageReference "firebase-ios-sdk" */;
			productName = FirebaseAuth;
		};
		8008C2692EE36D01007C48FA /* FirebaseAuthCombine-Community */ = {
			isa = XCSwiftPackageProductDependency;
			package = 8008C2622EE36D01007C48FA /* XCRemoteSwiftPackageReference "firebase-ios-sdk" */;
			productName = "FirebaseAuthCombine-Community";
		};
		8008C26B2EE36D01007C48FA /* FirebaseCore */ = {
			isa = XCSwiftPackageProductDependency;
			package = 8008C2622EE36D01007C48FA /* XCRemoteSwiftPackageReference "firebase-ios-sdk" */;
			productName = FirebaseCore;
		};
		8008C26D2EE36D01007C48FA /* FirebaseDatabase */ = {
			isa = XCSwiftPackageProductDependency;
			package = 8008C2622EE36D01007C48FA /* XCRemoteSwiftPackageReference "firebase-ios-sdk" */;
			productName = FirebaseDatabase;
		};
		8008C26F2EE36D01007C48FA /* FirebaseFirestore */ = {
			isa = XCSwiftPackageProductDependency;
			package = 8008C2622EE36D01007C48FA /* XCRemoteSwiftPackageReference "firebase-ios-sdk" */;
			productName = FirebaseFirestore;
		};
		8008C2712EE36D01007C48FA /* FirebaseInAppMessaging-Beta */ = {
			isa = XCSwiftPackageProductDependency;
			package = 8008C2622EE36D01007C48FA /* XCRemoteSwiftPackageReference "firebase-ios-sdk" */;
			productName = "FirebaseInAppMessaging-Beta";
		};
		8008C2732EE36D01007C48FA /* FirebaseMessaging */ = {
			isa = XCSwiftPackageProductDependency;
			package = 8008C2622EE36D01007C48FA /* XCRemoteSwiftPackageReference "firebase-ios-sdk" */;
			productName = FirebaseMessaging;
		};
/* End XCSwiftPackageProductDependency section */
	};
	rootObject = 8008C22C2EE36AEC007C48FA /* Project object */;
}
